
Microsoft Visual Studio Solution File, Format Version 12.00
# Visual Studio Version 16
VisualStudioVersion = 16.0.30011.22
MinimumVisualStudioVersion = 10.0.40219.1
Project("{8BC9CEB8-8B4A-11D0-8D11-00A0C91BC942}") = "중간고사 과제 6번", "중간고사 과제 6번\중간고사 과제 6번.vcxproj", "{20B01B04-3AE3-4948-96BA-1F66AE67712F}"
EndProject
Global
	GlobalSection(SolutionConfigurationPlatforms) = preSolution
		Debug|x64 = Debug|x64
		Debug|x86 = Debug|x86
		Release|x64 = Release|x64
		Release|x86 = Release|x86
	EndGlobalSection
	GlobalSection(ProjectConfigurationPlatforms) = postSolution
		{20B01B04-3AE3-4948-96BA-1F66AE67712F}.Debug|x64.ActiveCfg = Debug|x64
		{20B01B04-3AE3-4948-96BA-1F66AE67712F}.Debug|x64.Build.0 = Debug|x64
		{20B01B04-3AE3-4948-96BA-1F66AE67712F}.Debug|x86.ActiveCfg = Debug|Win32
		{20B01B04-3AE3-4948-96BA-1F66AE67712F}.Debug|x86.Build.0 = Debug|Win32
		{20B01B04-3AE3-4948-96BA-1F66AE67712F}.Release|x64.ActiveCfg = Release|x64
		{20B01B04-3AE3-4948-96BA-1F66AE67712F}.Release|x64.Build.0 = Release|x64
		{20B01B04-3AE3-4948-96BA-1F66AE67712F}.Release|x86.ActiveCfg = Release|Win32
		{20B01B04-3AE3-4948-96BA-1F66AE67712F}.Release|x86.Build.0 = Release|Win32
	EndGlobalSection
	GlobalSection(SolutionProperties) = preSolution
		HideSolutionNode = FALSE
	EndGlobalSection
	GlobalSection(ExtensibilityGlobals) = postSolution
		SolutionGuid = {445F1580-834E-4916-B602-4A01CC6F7524}
	EndGlobalSection
EndGlobal
