
Microsoft Visual Studio Solution File, Format Version 12.00
# Visual Studio Version 16
VisualStudioVersion = 16.0.30011.22
MinimumVisualStudioVersion = 10.0.40219.1
Project("{8BC9CEB8-8B4A-11D0-8D11-00A0C91BC942}") = "난수 발생기", "난수 발생기\난수 발생기.vcxproj", "{EF792C26-0CA9-4E3B-8E96-4BE4A726D36B}"
EndProject
Global
	GlobalSection(SolutionConfigurationPlatforms) = preSolution
		Debug|x64 = Debug|x64
		Debug|x86 = Debug|x86
		Release|x64 = Release|x64
		Release|x86 = Release|x86
	EndGlobalSection
	GlobalSection(ProjectConfigurationPlatforms) = postSolution
		{EF792C26-0CA9-4E3B-8E96-4BE4A726D36B}.Debug|x64.ActiveCfg = Debug|x64
		{EF792C26-0CA9-4E3B-8E96-4BE4A726D36B}.Debug|x64.Build.0 = Debug|x64
		{EF792C26-0CA9-4E3B-8E96-4BE4A726D36B}.Debug|x86.ActiveCfg = Debug|Win32
		{EF792C26-0CA9-4E3B-8E96-4BE4A726D36B}.Debug|x86.Build.0 = Debug|Win32
		{EF792C26-0CA9-4E3B-8E96-4BE4A726D36B}.Release|x64.ActiveCfg = Release|x64
		{EF792C26-0CA9-4E3B-8E96-4BE4A726D36B}.Release|x64.Build.0 = Release|x64
		{EF792C26-0CA9-4E3B-8E96-4BE4A726D36B}.Release|x86.ActiveCfg = Release|Win32
		{EF792C26-0CA9-4E3B-8E96-4BE4A726D36B}.Release|x86.Build.0 = Release|Win32
	EndGlobalSection
	GlobalSection(SolutionProperties) = preSolution
		HideSolutionNode = FALSE
	EndGlobalSection
	GlobalSection(ExtensibilityGlobals) = postSolution
		SolutionGuid = {51427909-ABAF-46A0-B84D-E29DF9E01DE4}
	EndGlobalSection
EndGlobal
